
Microsoft Visual Studio Solution File, Format Version 12.00
# Visual Studio 2010
Project("{E24C65DC-7377-472B-9ABA-BC803B73C61A}") = "Placeberry", "Placeberry\", "{2A7B5F3E-D5E5-4B17-8779-B7681C384269}"
	ProjectSection(WebsiteProperties) = preProject
		SccProjectName = ""
		SccAuxPath = ""
		SccLocalPath = ""
		SccProvider = ""
		TargetFrameworkMoniker = ".NETFramework,Version%3Dv3.5"
		ProjectReferences = "{3C498118-626D-45F3-94D9-C39CA1AFF6FA}|LibGoogleWeather.dll;{BB558F9C-2617-4429-8AF6-6B88135EE72F}|LibWeather.dll;{c1c978bf-72a4-415a-9426-d1ea421b37cf}|CroatianAnalyzer.dll;{5205f383-faa7-4ca2-8d51-a5494a7abeae}|QueryRanking.dll;{29385A2D-EAC1-4777-BC01-C060C2002307}|FuzzyStrings.dll;{2418b4a4-f800-400b-b16e-520f0abe1377}|TextIndexing.dll;{8680A421-E6BA-41CF-A022-763C9349C9B4}|LibUtility.dll;"
		Debug.AspNetCompiler.VirtualPath = "/alpha.placeberry.com"
		Debug.AspNetCompiler.PhysicalPath = "Placeberry\"
		Debug.AspNetCompiler.TargetPath = "PrecompiledWeb\alpha.placeberry.com\"
		Debug.AspNetCompiler.Updateable = "true"
		Debug.AspNetCompiler.ForceOverwrite = "true"
		Debug.AspNetCompiler.FixedNames = "false"
		Debug.AspNetCompiler.Debug = "True"
		Release.AspNetCompiler.VirtualPath = "/alpha.placeberry.com"
		Release.AspNetCompiler.PhysicalPath = "Placeberry\"
		Release.AspNetCompiler.TargetPath = "PrecompiledWeb\alpha.placeberry.com\"
		Release.AspNetCompiler.Updateable = "true"
		Release.AspNetCompiler.ForceOverwrite = "true"
		Release.AspNetCompiler.FixedNames = "false"
		Release.AspNetCompiler.Debug = "False"
		VWDPort = "11840"
		VWDVirtualPath = "/"
	EndProjectSection
	ProjectSection(SvnOrigin) = preProject
		@Keys = Enlist,Svn.Uri
		Enlist = Required
		Svn.Uri = Placeberry/
	EndProjectSection
EndProject
Project("{2150E333-8FDC-42A3-9474-1A3956D46DE8}") = "Libraries", "Libraries", "{565D3529-DDDC-4FC4-8AC7-3595F70EE4AE}"
	ProjectSection(SolutionItems) = preProject
		Placeberry\Libraries\UrlRewritingNet.UrlRewriter.dll = Placeberry\Libraries\UrlRewritingNet.UrlRewriter.dll
	EndProjectSection
EndProject
Project("{FAE04EC0-301F-11D3-BF4B-00C04F79EFBC}") = "LibAccuweather", "LibWeather\LibAccuweather.csproj", "{BB558F9C-2617-4429-8AF6-6B88135EE72F}"
EndProject
Project("{FAE04EC0-301F-11D3-BF4B-00C04F79EFBC}") = "UrlCheckerService", "UrlCheckerService\UrlCheckerService.csproj", "{AB959830-9EFA-4777-B50A-0EA0E95A05EE}"
EndProject
Project("{54435603-DBB4-11D2-8724-00A0C9A8B90C}") = "UrlCheckerSetup", "UrlCheckerSetup\UrlCheckerSetup.vdproj", "{011A9F86-3BAB-4888-8234-BFB794F95DFD}"
EndProject
Project("{FAE04EC0-301F-11D3-BF4B-00C04F79EFBC}") = "LibUtility", "LibUtility\LibUtility.csproj", "{8680A421-E6BA-41CF-A022-763C9349C9B4}"
EndProject
Project("{FAE04EC0-301F-11D3-BF4B-00C04F79EFBC}") = "PB_Parser", "PB_Parser\PB_Parser.csproj", "{B91126C7-99F6-4773-8B50-CDB80D66F327}"
EndProject
Project("{FAE04EC0-301F-11D3-BF4B-00C04F79EFBC}") = "LibGoogleWeather", "LibGoogleWeather\LibGoogleWeather.csproj", "{3C498118-626D-45F3-94D9-C39CA1AFF6FA}"
EndProject
Project("{FAE04EC0-301F-11D3-BF4B-00C04F79EFBC}") = "PlaceberryCrawlerConsole", "PlaceberryCrawlerConsole\PlaceberryCrawlerConsole.csproj", "{56CC8233-9A9A-4018-91A9-C887647D8776}"
EndProject
Project("{E24C65DC-7377-472B-9ABA-BC803B73C61A}") = "Putovalica", "Putovalica\", "{3411A391-BB9C-4AEA-AE5B-A426026BF99F}"
	ProjectSection(WebsiteProperties) = preProject
		TargetFrameworkMoniker = ".NETFramework,Version%3Dv4.0"
		Debug.AspNetCompiler.VirtualPath = "/Putovalica"
		Debug.AspNetCompiler.PhysicalPath = "Putovalica\"
		Debug.AspNetCompiler.TargetPath = "PrecompiledWeb\Putovalica\"
		Debug.AspNetCompiler.Updateable = "true"
		Debug.AspNetCompiler.ForceOverwrite = "true"
		Debug.AspNetCompiler.FixedNames = "false"
		Debug.AspNetCompiler.Debug = "True"
		Release.AspNetCompiler.VirtualPath = "/Putovalica"
		Release.AspNetCompiler.PhysicalPath = "Putovalica\"
		Release.AspNetCompiler.TargetPath = "PrecompiledWeb\Putovalica\"
		Release.AspNetCompiler.Updateable = "true"
		Release.AspNetCompiler.ForceOverwrite = "true"
		Release.AspNetCompiler.FixedNames = "false"
		Release.AspNetCompiler.Debug = "False"
		VWDPort = "51562"
		VWDVirtualPath = "/"
		DefaultWebSiteLanguage = "Visual C#"
	EndProjectSection
EndProject
Project("{2150E333-8FDC-42A3-9474-1A3956D46DE8}") = "SearchEngine", "SearchEngine", "{0C5F96A1-742D-4B4E-90A0-A73467685265}"
EndProject
Project("{FAE04EC0-301F-11D3-BF4B-00C04F79EFBC}") = "FuzzyStrings", "SearchEngine\FuzzyStrings\FuzzyStrings.csproj", "{29385A2D-EAC1-4777-BC01-C060C2002307}"
EndProject
Project("{FAE04EC0-301F-11D3-BF4B-00C04F79EFBC}") = "CroatianAnalyzer", "SearchEngine\CroatianAnalyzer\CroatianAnalyzer.csproj", "{C1C978BF-72A4-415A-9426-D1EA421B37CF}"
EndProject
Project("{FAE04EC0-301F-11D3-BF4B-00C04F79EFBC}") = "TextIndexing", "SearchEngine\TextIndexing\TextIndexing.csproj", "{2418B4A4-F800-400B-B16E-520F0ABE1377}"
EndProject
Project("{FAE04EC0-301F-11D3-BF4B-00C04F79EFBC}") = "Geostuff", "SearchEngine\Geostuff\Geostuff.csproj", "{ED7A9191-5C90-41F2-9908-4B6BCF3C5C7D}"
EndProject
Project("{FAE04EC0-301F-11D3-BF4B-00C04F79EFBC}") = "QueryRanking", "SearchEngine\QueryRanking\QueryRanking.csproj", "{5205F383-FAA7-4CA2-8D51-A5494A7ABEAE}"
EndProject
Project("{FAE04EC0-301F-11D3-BF4B-00C04F79EFBC}") = "QueryRankingTest", "SearchEngine\QueryRankingTest\QueryRankingTest.csproj", "{591D1B70-1655-4255-A261-F0D93E13B4D2}"
EndProject
Project("{FAE04EC0-301F-11D3-BF4B-00C04F79EFBC}") = "Migration", "SearchEngine\Migration\Migration.csproj", "{33431EF5-AB5E-47A5-BDD3-87807427942C}"
EndProject
Global
	GlobalSection(SolutionConfigurationPlatforms) = preSolution
		Debug|Any CPU = Debug|Any CPU
		Debug|Mixed Platforms = Debug|Mixed Platforms
		Debug|x86 = Debug|x86
		Release|Any CPU = Release|Any CPU
		Release|Mixed Platforms = Release|Mixed Platforms
		Release|x86 = Release|x86
	EndGlobalSection
	GlobalSection(ProjectConfigurationPlatforms) = postSolution
		{2A7B5F3E-D5E5-4B17-8779-B7681C384269}.Debug|Any CPU.ActiveCfg = Debug|Any CPU
		{2A7B5F3E-D5E5-4B17-8779-B7681C384269}.Debug|Any CPU.Build.0 = Debug|Any CPU
		{2A7B5F3E-D5E5-4B17-8779-B7681C384269}.Debug|Mixed Platforms.ActiveCfg = Debug|Any CPU
		{2A7B5F3E-D5E5-4B17-8779-B7681C384269}.Debug|Mixed Platforms.Build.0 = Debug|Any CPU
		{2A7B5F3E-D5E5-4B17-8779-B7681C384269}.Debug|x86.ActiveCfg = Debug|Any CPU
		{2A7B5F3E-D5E5-4B17-8779-B7681C384269}.Release|Any CPU.ActiveCfg = Debug|Any CPU
		{2A7B5F3E-D5E5-4B17-8779-B7681C384269}.Release|Any CPU.Build.0 = Debug|Any CPU
		{2A7B5F3E-D5E5-4B17-8779-B7681C384269}.Release|Mixed Platforms.ActiveCfg = Debug|Any CPU
		{2A7B5F3E-D5E5-4B17-8779-B7681C384269}.Release|Mixed Platforms.Build.0 = Debug|Any CPU
		{2A7B5F3E-D5E5-4B17-8779-B7681C384269}.Release|x86.ActiveCfg = Debug|Any CPU
		{BB558F9C-2617-4429-8AF6-6B88135EE72F}.Debug|Any CPU.ActiveCfg = Debug|Any CPU
		{BB558F9C-2617-4429-8AF6-6B88135EE72F}.Debug|Any CPU.Build.0 = Debug|Any CPU
		{BB558F9C-2617-4429-8AF6-6B88135EE72F}.Debug|Mixed Platforms.ActiveCfg = Debug|Any CPU
		{BB558F9C-2617-4429-8AF6-6B88135EE72F}.Debug|Mixed Platforms.Build.0 = Debug|Any CPU
		{BB558F9C-2617-4429-8AF6-6B88135EE72F}.Debug|x86.ActiveCfg = Debug|Any CPU
		{BB558F9C-2617-4429-8AF6-6B88135EE72F}.Release|Any CPU.ActiveCfg = Release|Any CPU
		{BB558F9C-2617-4429-8AF6-6B88135EE72F}.Release|Any CPU.Build.0 = Release|Any CPU
		{BB558F9C-2617-4429-8AF6-6B88135EE72F}.Release|Mixed Platforms.ActiveCfg = Release|Any CPU
		{BB558F9C-2617-4429-8AF6-6B88135EE72F}.Release|Mixed Platforms.Build.0 = Release|Any CPU
		{BB558F9C-2617-4429-8AF6-6B88135EE72F}.Release|x86.ActiveCfg = Release|Any CPU
		{AB959830-9EFA-4777-B50A-0EA0E95A05EE}.Debug|Any CPU.ActiveCfg = Debug|x86
		{AB959830-9EFA-4777-B50A-0EA0E95A05EE}.Debug|Mixed Platforms.ActiveCfg = Debug|x86
		{AB959830-9EFA-4777-B50A-0EA0E95A05EE}.Debug|Mixed Platforms.Build.0 = Debug|x86
		{AB959830-9EFA-4777-B50A-0EA0E95A05EE}.Debug|x86.ActiveCfg = Debug|x86
		{AB959830-9EFA-4777-B50A-0EA0E95A05EE}.Debug|x86.Build.0 = Debug|x86
		{AB959830-9EFA-4777-B50A-0EA0E95A05EE}.Release|Any CPU.ActiveCfg = Release|x86
		{AB959830-9EFA-4777-B50A-0EA0E95A05EE}.Release|Mixed Platforms.ActiveCfg = Release|x86
		{AB959830-9EFA-4777-B50A-0EA0E95A05EE}.Release|Mixed Platforms.Build.0 = Release|x86
		{AB959830-9EFA-4777-B50A-0EA0E95A05EE}.Release|x86.ActiveCfg = Release|x86
		{AB959830-9EFA-4777-B50A-0EA0E95A05EE}.Release|x86.Build.0 = Release|x86
		{011A9F86-3BAB-4888-8234-BFB794F95DFD}.Debug|Any CPU.ActiveCfg = Debug
		{011A9F86-3BAB-4888-8234-BFB794F95DFD}.Debug|Mixed Platforms.ActiveCfg = Debug
		{011A9F86-3BAB-4888-8234-BFB794F95DFD}.Debug|x86.ActiveCfg = Debug
		{011A9F86-3BAB-4888-8234-BFB794F95DFD}.Release|Any CPU.ActiveCfg = Release
		{011A9F86-3BAB-4888-8234-BFB794F95DFD}.Release|Mixed Platforms.ActiveCfg = Release
		{011A9F86-3BAB-4888-8234-BFB794F95DFD}.Release|x86.ActiveCfg = Release
		{8680A421-E6BA-41CF-A022-763C9349C9B4}.Debug|Any CPU.ActiveCfg = Debug|Any CPU
		{8680A421-E6BA-41CF-A022-763C9349C9B4}.Debug|Any CPU.Build.0 = Debug|Any CPU
		{8680A421-E6BA-41CF-A022-763C9349C9B4}.Debug|Mixed Platforms.ActiveCfg = Debug|Any CPU
		{8680A421-E6BA-41CF-A022-763C9349C9B4}.Debug|Mixed Platforms.Build.0 = Debug|Any CPU
		{8680A421-E6BA-41CF-A022-763C9349C9B4}.Debug|x86.ActiveCfg = Debug|Any CPU
		{8680A421-E6BA-41CF-A022-763C9349C9B4}.Release|Any CPU.ActiveCfg = Release|Any CPU
		{8680A421-E6BA-41CF-A022-763C9349C9B4}.Release|Any CPU.Build.0 = Release|Any CPU
		{8680A421-E6BA-41CF-A022-763C9349C9B4}.Release|Mixed Platforms.ActiveCfg = Release|Any CPU
		{8680A421-E6BA-41CF-A022-763C9349C9B4}.Release|Mixed Platforms.Build.0 = Release|Any CPU
		{8680A421-E6BA-41CF-A022-763C9349C9B4}.Release|x86.ActiveCfg = Release|Any CPU
		{B91126C7-99F6-4773-8B50-CDB80D66F327}.Debug|Any CPU.ActiveCfg = Debug|x86
		{B91126C7-99F6-4773-8B50-CDB80D66F327}.Debug|Mixed Platforms.ActiveCfg = Debug|x86
		{B91126C7-99F6-4773-8B50-CDB80D66F327}.Debug|Mixed Platforms.Build.0 = Debug|x86
		{B91126C7-99F6-4773-8B50-CDB80D66F327}.Debug|x86.ActiveCfg = Debug|x86
		{B91126C7-99F6-4773-8B50-CDB80D66F327}.Debug|x86.Build.0 = Debug|x86
		{B91126C7-99F6-4773-8B50-CDB80D66F327}.Release|Any CPU.ActiveCfg = Release|x86
		{B91126C7-99F6-4773-8B50-CDB80D66F327}.Release|Mixed Platforms.ActiveCfg = Release|x86
		{B91126C7-99F6-4773-8B50-CDB80D66F327}.Release|Mixed Platforms.Build.0 = Release|x86
		{B91126C7-99F6-4773-8B50-CDB80D66F327}.Release|x86.ActiveCfg = Release|x86
		{B91126C7-99F6-4773-8B50-CDB80D66F327}.Release|x86.Build.0 = Release|x86
		{3C498118-626D-45F3-94D9-C39CA1AFF6FA}.Debug|Any CPU.ActiveCfg = Debug|Any CPU
		{3C498118-626D-45F3-94D9-C39CA1AFF6FA}.Debug|Any CPU.Build.0 = Debug|Any CPU
		{3C498118-626D-45F3-94D9-C39CA1AFF6FA}.Debug|Mixed Platforms.ActiveCfg = Debug|Any CPU
		{3C498118-626D-45F3-94D9-C39CA1AFF6FA}.Debug|Mixed Platforms.Build.0 = Debug|Any CPU
		{3C498118-626D-45F3-94D9-C39CA1AFF6FA}.Debug|x86.ActiveCfg = Debug|Any CPU
		{3C498118-626D-45F3-94D9-C39CA1AFF6FA}.Release|Any CPU.ActiveCfg = Release|Any CPU
		{3C498118-626D-45F3-94D9-C39CA1AFF6FA}.Release|Any CPU.Build.0 = Release|Any CPU
		{3C498118-626D-45F3-94D9-C39CA1AFF6FA}.Release|Mixed Platforms.ActiveCfg = Release|Any CPU
		{3C498118-626D-45F3-94D9-C39CA1AFF6FA}.Release|Mixed Platforms.Build.0 = Release|Any CPU
		{3C498118-626D-45F3-94D9-C39CA1AFF6FA}.Release|x86.ActiveCfg = Release|Any CPU
		{56CC8233-9A9A-4018-91A9-C887647D8776}.Debug|Any CPU.ActiveCfg = Debug|x86
		{56CC8233-9A9A-4018-91A9-C887647D8776}.Debug|Mixed Platforms.ActiveCfg = Debug|x86
		{56CC8233-9A9A-4018-91A9-C887647D8776}.Debug|Mixed Platforms.Build.0 = Debug|x86
		{56CC8233-9A9A-4018-91A9-C887647D8776}.Debug|x86.ActiveCfg = Debug|x86
		{56CC8233-9A9A-4018-91A9-C887647D8776}.Debug|x86.Build.0 = Debug|x86
		{56CC8233-9A9A-4018-91A9-C887647D8776}.Release|Any CPU.ActiveCfg = Release|x86
		{56CC8233-9A9A-4018-91A9-C887647D8776}.Release|Mixed Platforms.ActiveCfg = Release|x86
		{56CC8233-9A9A-4018-91A9-C887647D8776}.Release|Mixed Platforms.Build.0 = Release|x86
		{56CC8233-9A9A-4018-91A9-C887647D8776}.Release|x86.ActiveCfg = Release|x86
		{56CC8233-9A9A-4018-91A9-C887647D8776}.Release|x86.Build.0 = Release|x86
		{3411A391-BB9C-4AEA-AE5B-A426026BF99F}.Debug|Any CPU.ActiveCfg = Debug|Any CPU
		{3411A391-BB9C-4AEA-AE5B-A426026BF99F}.Debug|Any CPU.Build.0 = Debug|Any CPU
		{3411A391-BB9C-4AEA-AE5B-A426026BF99F}.Debug|Mixed Platforms.ActiveCfg = Debug|Any CPU
		{3411A391-BB9C-4AEA-AE5B-A426026BF99F}.Debug|Mixed Platforms.Build.0 = Debug|Any CPU
		{3411A391-BB9C-4AEA-AE5B-A426026BF99F}.Debug|x86.ActiveCfg = Debug|Any CPU
		{3411A391-BB9C-4AEA-AE5B-A426026BF99F}.Release|Any CPU.ActiveCfg = Debug|Any CPU
		{3411A391-BB9C-4AEA-AE5B-A426026BF99F}.Release|Any CPU.Build.0 = Debug|Any CPU
		{3411A391-BB9C-4AEA-AE5B-A426026BF99F}.Release|Mixed Platforms.ActiveCfg = Debug|Any CPU
		{3411A391-BB9C-4AEA-AE5B-A426026BF99F}.Release|Mixed Platforms.Build.0 = Debug|Any CPU
		{3411A391-BB9C-4AEA-AE5B-A426026BF99F}.Release|x86.ActiveCfg = Debug|Any CPU
		{29385A2D-EAC1-4777-BC01-C060C2002307}.Debug|Any CPU.ActiveCfg = Debug|Any CPU
		{29385A2D-EAC1-4777-BC01-C060C2002307}.Debug|Any CPU.Build.0 = Debug|Any CPU
		{29385A2D-EAC1-4777-BC01-C060C2002307}.Debug|Mixed Platforms.ActiveCfg = Debug|Any CPU
		{29385A2D-EAC1-4777-BC01-C060C2002307}.Debug|Mixed Platforms.Build.0 = Debug|Any CPU
		{29385A2D-EAC1-4777-BC01-C060C2002307}.Debug|x86.ActiveCfg = Debug|Any CPU
		{29385A2D-EAC1-4777-BC01-C060C2002307}.Release|Any CPU.ActiveCfg = Release|Any CPU
		{29385A2D-EAC1-4777-BC01-C060C2002307}.Release|Any CPU.Build.0 = Release|Any CPU
		{29385A2D-EAC1-4777-BC01-C060C2002307}.Release|Mixed Platforms.ActiveCfg = Release|Any CPU
		{29385A2D-EAC1-4777-BC01-C060C2002307}.Release|Mixed Platforms.Build.0 = Release|Any CPU
		{29385A2D-EAC1-4777-BC01-C060C2002307}.Release|x86.ActiveCfg = Release|Any CPU
		{C1C978BF-72A4-415A-9426-D1EA421B37CF}.Debug|Any CPU.ActiveCfg = Debug|Any CPU
		{C1C978BF-72A4-415A-9426-D1EA421B37CF}.Debug|Any CPU.Build.0 = Debug|Any CPU
		{C1C978BF-72A4-415A-9426-D1EA421B37CF}.Debug|Mixed Platforms.ActiveCfg = Debug|Any CPU
		{C1C978BF-72A4-415A-9426-D1EA421B37CF}.Debug|Mixed Platforms.Build.0 = Debug|Any CPU
		{C1C978BF-72A4-415A-9426-D1EA421B37CF}.Debug|x86.ActiveCfg = Debug|Any CPU
		{C1C978BF-72A4-415A-9426-D1EA421B37CF}.Release|Any CPU.ActiveCfg = Release|Any CPU
		{C1C978BF-72A4-415A-9426-D1EA421B37CF}.Release|Any CPU.Build.0 = Release|Any CPU
		{C1C978BF-72A4-415A-9426-D1EA421B37CF}.Release|Mixed Platforms.ActiveCfg = Release|Any CPU
		{C1C978BF-72A4-415A-9426-D1EA421B37CF}.Release|Mixed Platforms.Build.0 = Release|Any CPU
		{C1C978BF-72A4-415A-9426-D1EA421B37CF}.Release|x86.ActiveCfg = Release|Any CPU
		{2418B4A4-F800-400B-B16E-520F0ABE1377}.Debug|Any CPU.ActiveCfg = Debug|Any CPU
		{2418B4A4-F800-400B-B16E-520F0ABE1377}.Debug|Any CPU.Build.0 = Debug|Any CPU
		{2418B4A4-F800-400B-B16E-520F0ABE1377}.Debug|Mixed Platforms.ActiveCfg = Debug|Any CPU
		{2418B4A4-F800-400B-B16E-520F0ABE1377}.Debug|Mixed Platforms.Build.0 = Debug|Any CPU
		{2418B4A4-F800-400B-B16E-520F0ABE1377}.Debug|x86.ActiveCfg = Debug|Any CPU
		{2418B4A4-F800-400B-B16E-520F0ABE1377}.Release|Any CPU.ActiveCfg = Release|Any CPU
		{2418B4A4-F800-400B-B16E-520F0ABE1377}.Release|Any CPU.Build.0 = Release|Any CPU
		{2418B4A4-F800-400B-B16E-520F0ABE1377}.Release|Mixed Platforms.ActiveCfg = Release|Any CPU
		{2418B4A4-F800-400B-B16E-520F0ABE1377}.Release|Mixed Platforms.Build.0 = Release|Any CPU
		{2418B4A4-F800-400B-B16E-520F0ABE1377}.Release|x86.ActiveCfg = Release|Any CPU
		{ED7A9191-5C90-41F2-9908-4B6BCF3C5C7D}.Debug|Any CPU.ActiveCfg = Debug|Any CPU
		{ED7A9191-5C90-41F2-9908-4B6BCF3C5C7D}.Debug|Any CPU.Build.0 = Debug|Any CPU
		{ED7A9191-5C90-41F2-9908-4B6BCF3C5C7D}.Debug|Mixed Platforms.ActiveCfg = Debug|Any CPU
		{ED7A9191-5C90-41F2-9908-4B6BCF3C5C7D}.Debug|Mixed Platforms.Build.0 = Debug|Any CPU
		{ED7A9191-5C90-41F2-9908-4B6BCF3C5C7D}.Debug|x86.ActiveCfg = Debug|Any CPU
		{ED7A9191-5C90-41F2-9908-4B6BCF3C5C7D}.Release|Any CPU.ActiveCfg = Release|Any CPU
		{ED7A9191-5C90-41F2-9908-4B6BCF3C5C7D}.Release|Any CPU.Build.0 = Release|Any CPU
		{ED7A9191-5C90-41F2-9908-4B6BCF3C5C7D}.Release|Mixed Platforms.ActiveCfg = Release|Any CPU
		{ED7A9191-5C90-41F2-9908-4B6BCF3C5C7D}.Release|Mixed Platforms.Build.0 = Release|Any CPU
		{ED7A9191-5C90-41F2-9908-4B6BCF3C5C7D}.Release|x86.ActiveCfg = Release|Any CPU
		{5205F383-FAA7-4CA2-8D51-A5494A7ABEAE}.Debug|Any CPU.ActiveCfg = Debug|Any CPU
		{5205F383-FAA7-4CA2-8D51-A5494A7ABEAE}.Debug|Any CPU.Build.0 = Debug|Any CPU
		{5205F383-FAA7-4CA2-8D51-A5494A7ABEAE}.Debug|Mixed Platforms.ActiveCfg = Debug|Any CPU
		{5205F383-FAA7-4CA2-8D51-A5494A7ABEAE}.Debug|Mixed Platforms.Build.0 = Debug|Any CPU
		{5205F383-FAA7-4CA2-8D51-A5494A7ABEAE}.Debug|x86.ActiveCfg = Debug|Any CPU
		{5205F383-FAA7-4CA2-8D51-A5494A7ABEAE}.Release|Any CPU.ActiveCfg = Release|Any CPU
		{5205F383-FAA7-4CA2-8D51-A5494A7ABEAE}.Release|Any CPU.Build.0 = Release|Any CPU
		{5205F383-FAA7-4CA2-8D51-A5494A7ABEAE}.Release|Mixed Platforms.ActiveCfg = Release|Any CPU
		{5205F383-FAA7-4CA2-8D51-A5494A7ABEAE}.Release|Mixed Platforms.Build.0 = Release|Any CPU
		{5205F383-FAA7-4CA2-8D51-A5494A7ABEAE}.Release|x86.ActiveCfg = Release|Any CPU
		{591D1B70-1655-4255-A261-F0D93E13B4D2}.Debug|Any CPU.ActiveCfg = Debug|Any CPU
		{591D1B70-1655-4255-A261-F0D93E13B4D2}.Debug|Any CPU.Build.0 = Debug|Any CPU
		{591D1B70-1655-4255-A261-F0D93E13B4D2}.Debug|Mixed Platforms.ActiveCfg = Debug|Any CPU
		{591D1B70-1655-4255-A261-F0D93E13B4D2}.Debug|Mixed Platforms.Build.0 = Debug|Any CPU
		{591D1B70-1655-4255-A261-F0D93E13B4D2}.Debug|x86.ActiveCfg = Debug|Any CPU
		{591D1B70-1655-4255-A261-F0D93E13B4D2}.Release|Any CPU.ActiveCfg = Release|Any CPU
		{591D1B70-1655-4255-A261-F0D93E13B4D2}.Release|Any CPU.Build.0 = Release|Any CPU
		{591D1B70-1655-4255-A261-F0D93E13B4D2}.Release|Mixed Platforms.ActiveCfg = Release|Any CPU
		{591D1B70-1655-4255-A261-F0D93E13B4D2}.Release|Mixed Platforms.Build.0 = Release|Any CPU
		{591D1B70-1655-4255-A261-F0D93E13B4D2}.Release|x86.ActiveCfg = Release|Any CPU
		{33431EF5-AB5E-47A5-BDD3-87807427942C}.Debug|Any CPU.ActiveCfg = Debug|Any CPU
		{33431EF5-AB5E-47A5-BDD3-87807427942C}.Debug|Any CPU.Build.0 = Debug|Any CPU
		{33431EF5-AB5E-47A5-BDD3-87807427942C}.Debug|Mixed Platforms.ActiveCfg = Debug|Any CPU
		{33431EF5-AB5E-47A5-BDD3-87807427942C}.Debug|Mixed Platforms.Build.0 = Debug|Any CPU
		{33431EF5-AB5E-47A5-BDD3-87807427942C}.Debug|x86.ActiveCfg = Debug|Any CPU
		{33431EF5-AB5E-47A5-BDD3-87807427942C}.Release|Any CPU.ActiveCfg = Release|Any CPU
		{33431EF5-AB5E-47A5-BDD3-87807427942C}.Release|Any CPU.Build.0 = Release|Any CPU
		{33431EF5-AB5E-47A5-BDD3-87807427942C}.Release|Mixed Platforms.ActiveCfg = Release|Any CPU
		{33431EF5-AB5E-47A5-BDD3-87807427942C}.Release|Mixed Platforms.Build.0 = Release|Any CPU
		{33431EF5-AB5E-47A5-BDD3-87807427942C}.Release|x86.ActiveCfg = Release|Any CPU
	EndGlobalSection
	GlobalSection(SolutionProperties) = preSolution
		HideSolutionNode = FALSE
	EndGlobalSection
	GlobalSection(NestedProjects) = preSolution
		{29385A2D-EAC1-4777-BC01-C060C2002307} = {0C5F96A1-742D-4B4E-90A0-A73467685265}
		{C1C978BF-72A4-415A-9426-D1EA421B37CF} = {0C5F96A1-742D-4B4E-90A0-A73467685265}
		{2418B4A4-F800-400B-B16E-520F0ABE1377} = {0C5F96A1-742D-4B4E-90A0-A73467685265}
		{ED7A9191-5C90-41F2-9908-4B6BCF3C5C7D} = {0C5F96A1-742D-4B4E-90A0-A73467685265}
		{5205F383-FAA7-4CA2-8D51-A5494A7ABEAE} = {0C5F96A1-742D-4B4E-90A0-A73467685265}
		{591D1B70-1655-4255-A261-F0D93E13B4D2} = {0C5F96A1-742D-4B4E-90A0-A73467685265}
		{33431EF5-AB5E-47A5-BDD3-87807427942C} = {0C5F96A1-742D-4B4E-90A0-A73467685265}
	EndGlobalSection
	GlobalSection(SubversionScc) = preSolution
		Svn-Managed = True
		Manager = AnkhSVN - Subversion Support for Visual Studio
	EndGlobalSection
EndGlobal
